
Microsoft Visual Studio Solution File, Format Version 12.00
# Visual Studio 2013
VisualStudioVersion = 12.0.31101.0
MinimumVisualStudioVersion = 10.0.40219.1
Project("{888888A0-9F3D-457C-B088-3A5042F75D52}") = "CAN_Data_Parser", "CAN_Data_Parser\CAN_Data_Parser.pyproj", "{258A54C9-9771-4C7C-BE0B-FBE0BBBB3E89}"
EndProject
Global
	GlobalSection(SolutionConfigurationPlatforms) = preSolution
		Debug|Any CPU = Debug|Any CPU
		Release|Any CPU = Release|Any CPU
	EndGlobalSection
	GlobalSection(ProjectConfigurationPlatforms) = postSolution
		{258A54C9-9771-4C7C-BE0B-FBE0BBBB3E89}.Debug|Any CPU.ActiveCfg = Debug|Any CPU
		{258A54C9-9771-4C7C-BE0B-FBE0BBBB3E89}.Release|Any CPU.ActiveCfg = Release|Any CPU
	EndGlobalSection
	GlobalSection(SolutionProperties) = preSolution
		HideSolutionNode = FALSE
	EndGlobalSection
EndGlobal
